
Microsoft Visual Studio Solution File, Format Version 12.00
# Visual Studio Version 16
VisualStudioVersion = 16.0.32126.315
MinimumVisualStudioVersion = 10.0.40219.1
Project("{FAE04EC0-301F-11D3-BF4B-00C04F79EFBC}") = "CalculateSum", "CalculateSum\CalculateSum.csproj", "{582B3420-BC94-456E-A689-7948366283A1}"
EndProject
Project("{FAE04EC0-301F-11D3-BF4B-00C04F79EFBC}") = "CalculateSum_Test", "CalculateSum_Test\CalculateSum_Test.csproj", "{28885178-3F85-4DBF-85F0-7EA45BFFED9A}"
EndProject
Global
	GlobalSection(SolutionConfigurationPlatforms) = preSolution
		Debug|Any CPU = Debug|Any CPU
		Release|Any CPU = Release|Any CPU
	EndGlobalSection
	GlobalSection(ProjectConfigurationPlatforms) = postSolution
		{582B3420-BC94-456E-A689-7948366283A1}.Debug|Any CPU.ActiveCfg = Debug|Any CPU
		{582B3420-BC94-456E-A689-7948366283A1}.Debug|Any CPU.Build.0 = Debug|Any CPU
		{582B3420-BC94-456E-A689-7948366283A1}.Release|Any CPU.ActiveCfg = Release|Any CPU
		{582B3420-BC94-456E-A689-7948366283A1}.Release|Any CPU.Build.0 = Release|Any CPU
		{28885178-3F85-4DBF-85F0-7EA45BFFED9A}.Debug|Any CPU.ActiveCfg = Debug|Any CPU
		{28885178-3F85-4DBF-85F0-7EA45BFFED9A}.Debug|Any CPU.Build.0 = Debug|Any CPU
		{28885178-3F85-4DBF-85F0-7EA45BFFED9A}.Release|Any CPU.ActiveCfg = Release|Any CPU
		{28885178-3F85-4DBF-85F0-7EA45BFFED9A}.Release|Any CPU.Build.0 = Release|Any CPU
	EndGlobalSection
	GlobalSection(SolutionProperties) = preSolution
		HideSolutionNode = FALSE
	EndGlobalSection
	GlobalSection(ExtensibilityGlobals) = postSolution
		SolutionGuid = {92B2B25A-BEDD-47B8-BD2F-3A51DEDF1B59}
	EndGlobalSection
EndGlobal
