
Microsoft Visual Studio Solution File, Format Version 12.00
# Visual Studio Version 16
VisualStudioVersion = 16.0.32126.315
MinimumVisualStudioVersion = 10.0.40219.1
Project("{FAE04EC0-301F-11D3-BF4B-00C04F79EFBC}") = "Division_xUnit", "Division_xUnit\Division_xUnit.csproj", "{647476D1-CE64-408E-9BEF-932EBD483A56}"
EndProject
Project("{FAE04EC0-301F-11D3-BF4B-00C04F79EFBC}") = "Division_xUnit_Test", "Division_xUnit_Test\Division_xUnit_Test.csproj", "{9C6D3F61-E248-4806-8AB1-821BE2514042}"
EndProject
Global
	GlobalSection(SolutionConfigurationPlatforms) = preSolution
		Debug|Any CPU = Debug|Any CPU
		Release|Any CPU = Release|Any CPU
	EndGlobalSection
	GlobalSection(ProjectConfigurationPlatforms) = postSolution
		{647476D1-CE64-408E-9BEF-932EBD483A56}.Debug|Any CPU.ActiveCfg = Debug|Any CPU
		{647476D1-CE64-408E-9BEF-932EBD483A56}.Debug|Any CPU.Build.0 = Debug|Any CPU
		{647476D1-CE64-408E-9BEF-932EBD483A56}.Release|Any CPU.ActiveCfg = Release|Any CPU
		{647476D1-CE64-408E-9BEF-932EBD483A56}.Release|Any CPU.Build.0 = Release|Any CPU
		{9C6D3F61-E248-4806-8AB1-821BE2514042}.Debug|Any CPU.ActiveCfg = Debug|Any CPU
		{9C6D3F61-E248-4806-8AB1-821BE2514042}.Debug|Any CPU.Build.0 = Debug|Any CPU
		{9C6D3F61-E248-4806-8AB1-821BE2514042}.Release|Any CPU.ActiveCfg = Release|Any CPU
		{9C6D3F61-E248-4806-8AB1-821BE2514042}.Release|Any CPU.Build.0 = Release|Any CPU
	EndGlobalSection
	GlobalSection(SolutionProperties) = preSolution
		HideSolutionNode = FALSE
	EndGlobalSection
	GlobalSection(ExtensibilityGlobals) = postSolution
		SolutionGuid = {65D58CE5-CD45-4BCB-BF93-9E9AD939E4E0}
	EndGlobalSection
EndGlobal
